
Microsoft Visual Studio Solution File, Format Version 12.00
# Visual Studio Version 16
VisualStudioVersion = 16.0.30717.126
MinimumVisualStudioVersion = 10.0.40219.1
Project("{FAE04EC0-301F-11D3-BF4B-00C04F79EFBC}") = "ZarAtma_BilgisayaraKarsi", "Ders6_2_ZarAtma\ZarAtma_BilgisayaraKarsi.csproj", "{867A18D7-4601-4B58-92FE-A6018A3722D3}"
EndProject
Global
	GlobalSection(SolutionConfigurationPlatforms) = preSolution
		Debug|Any CPU = Debug|Any CPU
		Release|Any CPU = Release|Any CPU
	EndGlobalSection
	GlobalSection(ProjectConfigurationPlatforms) = postSolution
		{867A18D7-4601-4B58-92FE-A6018A3722D3}.Debug|Any CPU.ActiveCfg = Debug|Any CPU
		{867A18D7-4601-4B58-92FE-A6018A3722D3}.Debug|Any CPU.Build.0 = Debug|Any CPU
		{867A18D7-4601-4B58-92FE-A6018A3722D3}.Release|Any CPU.ActiveCfg = Release|Any CPU
		{867A18D7-4601-4B58-92FE-A6018A3722D3}.Release|Any CPU.Build.0 = Release|Any CPU
	EndGlobalSection
	GlobalSection(SolutionProperties) = preSolution
		HideSolutionNode = FALSE
	EndGlobalSection
	GlobalSection(ExtensibilityGlobals) = postSolution
		SolutionGuid = {9D818AF8-7BCC-4B8F-9AB7-815BFFA6991F}
	EndGlobalSection
EndGlobal
